// !$*UTF8*$!
{
	archiveVersion = 1;
	classes = {
	};
	objectVersion = 55;
	objects = {

/* Begin PBXBuildFile section */
		2DC6A43428A2612E0025900B /* AppDelegate.swift in Sources */ = {isa = PBXBuildFile; fileRef = 2DC6A43328A2612E0025900B /* AppDelegate.swift */; };
		2DC6A43628A2612E0025900B /* SceneDelegate.swift in Sources */ = {isa = PBXBuildFile; fileRef = 2DC6A43528A2612E0025900B /* SceneDelegate.swift */; };
		2DC6A43828A2612E0025900B /* Anasayfa.swift in Sources */ = {isa = PBXBuildFile; fileRef = 2DC6A43728A2612E0025900B /* Anasayfa.swift */; };
		2DC6A43B28A2612E0025900B /* Main.storyboard in Resources */ = {isa = PBXBuildFile; fileRef = 2DC6A43928A2612E0025900B /* Main.storyboard */; };
		2DC6A43D28A2612F0025900B /* Assets.xcassets in Resources */ = {isa = PBXBuildFile; fileRef = 2DC6A43C28A2612F0025900B /* Assets.xcassets */; };
		2DC6A44028A2612F0025900B /* LaunchScreen.storyboard in Resources */ = {isa = PBXBuildFile; fileRef = 2DC6A43E28A2612F0025900B /* LaunchScreen.storyboard */; };
		2DC6A44828A262C40025900B /* SayfaX.swift in Sources */ = {isa = PBXBuildFile; fileRef = 2DC6A44728A262C40025900B /* SayfaX.swift */; };
		2DC6A44A28A262DE0025900B /* SayfaA.swift in Sources */ = {isa = PBXBuildFile; fileRef = 2DC6A44928A262DE0025900B /* SayfaA.swift */; };
		2DC6A44C28A263450025900B /* SayfaB.swift in Sources */ = {isa = PBXBuildFile; fileRef = 2DC6A44B28A263450025900B /* SayfaB.swift */; };
		2DC6A44E28A263560025900B /* SayfaY.swift in Sources */ = {isa = PBXBuildFile; fileRef = 2DC6A44D28A263560025900B /* SayfaY.swift */; };
/* End PBXBuildFile section */

/* Begin PBXFileReference section */
		2DC6A43028A2612E0025900B /* SegueGecis.app */ = {isa = PBXFileReference; explicitFileType = wrapper.application; includeInIndex = 0; path = SegueGecis.app; sourceTree = BUILT_PRODUCTS_DIR; };
		2DC6A43328A2612E0025900B /* AppDelegate.swift */ = {isa = PBXFileReference; lastKnownFileType = sourcecode.swift; path = AppDelegate.swift; sourceTree = "<group>"; };
		2DC6A43528A2612E0025900B /* SceneDelegate.swift */ = {isa = PBXFileReference; lastKnownFileType = sourcecode.swift; path = SceneDelegate.swift; sourceTree = "<group>"; };
		2DC6A43728A2612E0025900B /* Anasayfa.swift */ = {isa = PBXFileReference; lastKnownFileType = sourcecode.swift; path = Anasayfa.swift; sourceTree = "<group>"; };
		2DC6A43A28A2612E0025900B /* Base */ = {isa = PBXFileReference; lastKnownFileType = file.storyboard; name = Base; path = Base.lproj/Main.storyboard; sourceTree = "<group>"; };
		2DC6A43C28A2612F0025900B /* Assets.xcassets */ = {isa = PBXFileReference; lastKnownFileType = folder.assetcatalog; path = Assets.xcassets; sourceTree = "<group>"; };
		2DC6A43F28A2612F0025900B /* Base */ = {isa = PBXFileReference; lastKnownFileType = file.storyboard; name = Base; path = Base.lproj/LaunchScreen.storyboard; sourceTree = "<group>"; };
		2DC6A44128A2612F0025900B /* Info.plist */ = {isa = PBXFileReference; lastKnownFileType = text.plist.xml; path = Info.plist; sourceTree = "<group>"; };
		2DC6A44728A262C40025900B /* SayfaX.swift */ = {isa = PBXFileReference; lastKnownFileType = sourcecode.swift; path = SayfaX.swift; sourceTree = "<group>"; };
		2DC6A44928A262DE0025900B /* SayfaA.swift */ = {isa = PBXFileReference; lastKnownFileType = sourcecode.swift; path = SayfaA.swift; sourceTree = "<group>"; };
		2DC6A44B28A263450025900B /* SayfaB.swift */ = {isa = PBXFileReference; lastKnownFileType = sourcecode.swift; path = SayfaB.swift; sourceTree = "<group>"; };
		2DC6A44D28A263560025900B /* SayfaY.swift */ = {isa = PBXFileReference; lastKnownFileType = sourcecode.swift; path = SayfaY.swift; sourceTree = "<group>"; };
/* End PBXFileReference section */

/* Begin PBXFrameworksBuildPhase section */
		2DC6A42D28A2612E0025900B /* Frameworks */ = {
			isa = PBXFrameworksBuildPhase;
			buildActionMask = 2147483647;
			files = (
			);
			runOnlyForDeploymentPostprocessing = 0;
		};
/* End PBXFrameworksBuildPhase section */

/* Begin PBXGroup section */
		2DC6A42728A2612E0025900B = {
			isa = PBXGroup;
			children = (
				2DC6A43228A2612E0025900B /* SegueGecis */,
				2DC6A43128A2612E0025900B /* Products */,
			);
			sourceTree = "<group>";
		};
		2DC6A43128A2612E0025900B /* Products */ = {
			isa = PBXGroup;
			children = (
				2DC6A43028A2612E0025900B /* SegueGecis.app */,
			);
			name = Products;
			sourceTree = "<group>";
		};
		2DC6A43228A2612E0025900B /* SegueGecis */ = {
			isa = PBXGroup;
			children = (
				2DC6A43328A2612E0025900B /* AppDelegate.swift */,
				2DC6A43528A2612E0025900B /* SceneDelegate.swift */,
				2DC6A43728A2612E0025900B /* Anasayfa.swift */,
				2DC6A44928A262DE0025900B /* SayfaA.swift */,
				2DC6A44B28A263450025900B /* SayfaB.swift */,
				2DC6A44728A262C40025900B /* SayfaX.swift */,
				2DC6A44D28A263560025900B /* SayfaY.swift */,
				2DC6A43928A2612E0025900B /* Main.storyboard */,
				2DC6A43C28A2612F0025900B /* Assets.xcassets */,
				2DC6A43E28A2612F0025900B /* LaunchScreen.storyboard */,
				2DC6A44128A2612F0025900B /* Info.plist */,
			);
			path = SegueGecis;
			sourceTree = "<group>";
		};
/* End PBXGroup section */

/* Begin PBXNativeTarget section */
		2DC6A42F28A2612E0025900B /* SegueGecis */ = {
			isa = PBXNativeTarget;
			buildConfigurationList = 2DC6A44428A2612F0025900B /* Build configuration list for PBXNativeTarget "SegueGecis" */;
			buildPhases = (
				2DC6A42C28A2612E0025900B /* Sources */,
				2DC6A42D28A2612E0025900B /* Frameworks */,
				2DC6A42E28A2612E0025900B /* Resources */,
			);
			buildRules = (
			);
			dependencies = (
			);
			name = SegueGecis;
			productName = SegueGecis;
			productReference = 2DC6A43028A2612E0025900B /* SegueGecis.app */;
			productType = "com.apple.product-type.application";
		};
/* End PBXNativeTarget section */

/* Begin PBXProject section */
		2DC6A42828A2612E0025900B /* Project object */ = {
			isa = PBXProject;
			attributes = {
				BuildIndependentTargetsInParallel = 1;
				LastSwiftUpdateCheck = 1340;
				LastUpgradeCheck = 1340;
				TargetAttributes = {
					2DC6A42F28A2612E0025900B = {
						CreatedOnToolsVersion = 13.4.1;
					};
				};
			};
			buildConfigurationList = 2DC6A42B28A2612E0025900B /* Build configuration list for PBXProject "SegueGecis" */;
			compatibilityVersion = "Xcode 13.0";
			developmentRegion = en;
			hasScannedForEncodings = 0;
			knownRegions = (
				en,
				Base,
			);
			mainGroup = 2DC6A42728A2612E0025900B;
			productRefGroup = 2DC6A43128A2612E0025900B /* Products */;
			projectDirPath = "";
			projectRoot = "";
			targets = (
				2DC6A42F28A2612E0025900B /* SegueGecis */,
			);
		};
/* End PBXProject section */

/* Begin PBXResourcesBuildPhase section */
		2DC6A42E28A2612E0025900B /* Resources */ = {
			isa = PBXResourcesBuildPhase;
			buildActionMask = 2147483647;
			files = (
				2DC6A44028A2612F0025900B /* LaunchScreen.storyboard in Resources */,
				2DC6A43D28A2612F0025900B /* Assets.xcassets in Resources */,
				2DC6A43B28A2612E0025900B /* Main.storyboard in Resources */,
			);
			runOnlyForDeploymentPostprocessing = 0;
		};
/* End PBXResourcesBuildPhase section */

/* Begin PBXSourcesBuildPhase section */
		2DC6A42C28A2612E0025900B /* Sources */ = {
			isa = PBXSourcesBuildPhase;
			buildActionMask = 2147483647;
			files = (
				2DC6A43828A2612E0025900B /* Anasayfa.swift in Sources */,
				2DC6A44C28A263450025900B /* SayfaB.swift in Sources */,
				2DC6A43428A2612E0025900B /* AppDelegate.swift in Sources */,
				2DC6A44A28A262DE0025900B /* SayfaA.swift in Sources */,
				2DC6A43628A2612E0025900B /* SceneDelegate.swift in Sources */,
				2DC6A44E28A263560025900B /* SayfaY.swift in Sources */,
				2DC6A44828A262C40025900B /* SayfaX.swift in Sources */,
			);
			runOnlyForDeploymentPostprocessing = 0;
		};
/* End PBXSourcesBuildPhase section */

/* Begin PBXVariantGroup section */
		2DC6A43928A2612E0025900B /* Main.storyboard */ = {
			isa = PBXVariantGroup;
			children = (
				2DC6A43A28A2612E0025900B /* Base */,
			);
			name = Main.storyboard;
			sourceTree = "<group>";
		};
		2DC6A43E28A2612F0025900B /* LaunchScreen.storyboard */ = {
			isa = PBXVariantGroup;
			children = (
				2DC6A43F28A2612F0025900B /* Base */,
			);
			name = LaunchScreen.storyboard;
			sourceTree = "<group>";
		};
/* End PBXVariantGroup section */

/* Begin XCBuildConfiguration section */
		2DC6A44228A2612F0025900B /* Debug */ = {
			isa = XCBuildConfiguration;
			buildSettings = {
				ALWAYS_SEARCH_USER_PATHS = NO;
				CLANG_ANALYZER_NONNULL = YES;
				CLANG_ANALYZER_NUMBER_OBJECT_CONVERSION = YES_AGGRESSIVE;
				CLANG_CXX_LANGUAGE_STANDARD = "gnu++17";
				CLANG_ENABLE_MODULES = YES;
				CLANG_ENABLE_OBJC_ARC = YES;
				CLANG_ENABLE_OBJC_WEAK = YES;
				CLANG_WARN_BLOCK_CAPTURE_AUTORELEASING = YES;
				CLANG_WARN_BOOL_CONVERSION = YES;
				CLANG_WARN_COMMA = YES;
				CLANG_WARN_CONSTANT_CONVERSION = YES;
				CLANG_WARN_DEPRECATED_OBJC_IMPLEMENTATIONS = YES;
				CLANG_WARN_DIRECT_OBJC_ISA_USAGE = YES_ERROR;
				CLANG_WARN_DOCUMENTATION_COMMENTS = YES;
				CLANG_WARN_EMPTY_BODY = YES;
				CLANG_WARN_ENUM_CONVERSION = YES;
				CLANG_WARN_INFINITE_RECURSION = YES;
				CLANG_WARN_INT_CONVERSION = YES;
				CLANG_WARN_NON_LITERAL_NULL_CONVERSION = YES;
				CLANG_WARN_OBJC_IMPLICIT_RETAIN_SELF = YES;
				CLANG_WARN_OBJC_LITERAL_CONVERSION = YES;
				CLANG_WARN_OBJC_ROOT_CLASS = YES_ERROR;
				CLANG_WARN_QUOTED_INCLUDE_IN_FRAMEWORK_HEADER = YES;
				CLANG_WARN_RANGE_LOOP_ANALYSIS = YES;
				CLANG_WARN_STRICT_PROTOTYPES = YES;
				CLANG_WARN_SUSPICIOUS_MOVE = YES;
				CLANG_WARN_UNGUARDED_AVAILABILITY = YES_AGGRESSIVE;
				CLANG_WARN_UNREACHABLE_CODE = YES;
				CLANG_WARN__DUPLICATE_METHOD_MATCH = YES;
				COPY_PHASE_STRIP = NO;
				DEBUG_INFORMATION_FORMAT = dwarf;
				ENABLE_STRICT_OBJC_MSGSEND = YES;
				ENABLE_TESTABILITY = YES;
				GCC_C_LANGUAGE_STANDARD = gnu11;
				GCC_DYNAMIC_NO_PIC = NO;
				GCC_NO_COMMON_BLOCKS = YES;
				GCC_OPTIMIZATION_LEVEL = 0;
				GCC_PREPROCESSOR_DEFINITIONS = (
					"DEBUG=1",
					"$(inherited)",
				);
				GCC_WARN_64_TO_32_BIT_CONVERSION = YES;
				GCC_WARN_ABOUT_RETURN_TYPE = YES_ERROR;
				GCC_WARN_UNDECLARED_SELECTOR = YES;
				GCC_WARN_UNINITIALIZED_AUTOS = YES_AGGRESSIVE;
				GCC_WARN_UNUSED_FUNCTION = YES;
				GCC_WARN_UNUSED_VARIABLE = YES;
				IPHONEOS_DEPLOYMENT_TARGET = 15.5;
				MTL_ENABLE_DEBUG_INFO = INCLUDE_SOURCE;
				MTL_FAST_MATH = YES;
				ONLY_ACTIVE_ARCH = YES;
				SDKROOT = iphoneos;
				SWIFT_ACTIVE_COMPILATION_CONDITIONS = DEBUG;
				SWIFT_OPTIMIZATION_LEVEL = "-Onone";
			};
			name = Debug;
		};
		2DC6A44328A2612F0025900B /* Release */ = {
			isa = XCBuildConfiguration;
			buildSettings = {
				ALWAYS_SEARCH_USER_PATHS = NO;
				CLANG_ANALYZER_NONNULL = YES;
				CLANG_ANALYZER_NUMBER_OBJECT_CONVERSION = YES_AGGRESSIVE;
				CLANG_CXX_LANGUAGE_STANDARD = "gnu++17";
				CLANG_ENABLE_MODULES = YES;
				CLANG_ENABLE_OBJC_ARC = YES;
				CLANG_ENABLE_OBJC_WEAK = YES;
				CLANG_WARN_BLOCK_CAPTURE_AUTORELEASING = YES;
				CLANG_WARN_BOOL_CONVERSION = YES;
				CLANG_WARN_COMMA = YES;
				CLANG_WARN_CONSTANT_CONVERSION = YES;
				CLANG_WARN_DEPRECATED_OBJC_IMPLEMENTATIONS = YES;
				CLANG_WARN_DIRECT_OBJC_ISA_USAGE = YES_ERROR;
				CLANG_WARN_DOCUMENTATION_COMMENTS = YES;
				CLANG_WARN_EMPTY_BODY = YES;
				CLANG_WARN_ENUM_CONVERSION = YES;
				CLANG_WARN_INFINITE_RECURSION = YES;
				CLANG_WARN_INT_CONVERSION = YES;
				CLANG_WARN_NON_LITERAL_NULL_CONVERSION = YES;
				CLANG_WARN_OBJC_IMPLICIT_RETAIN_SELF = YES;
				CLANG_WARN_OBJC_LITERAL_CONVERSION = YES;
				CLANG_WARN_OBJC_ROOT_CLASS = YES_ERROR;
				CLANG_WARN_QUOTED_INCLUDE_IN_FRAMEWORK_HEADER = YES;
				CLANG_WARN_RANGE_LOOP_ANALYSIS = YES;
				CLANG_WARN_STRICT_PROTOTYPES = YES;
				CLANG_WARN_SUSPICIOUS_MOVE = YES;
				CLANG_WARN_UNGUARDED_AVAILABILITY = YES_AGGRESSIVE;
				CLANG_WARN_UNREACHABLE_CODE = YES;
				CLANG_WARN__DUPLICATE_METHOD_MATCH = YES;
				COPY_PHASE_STRIP = NO;
				DEBUG_INFORMATION_FORMAT = "dwarf-with-dsym";
				ENABLE_NS_ASSERTIONS = NO;
				ENABLE_STRICT_OBJC_MSGSEND = YES;
				GCC_C_LANGUAGE_STANDARD = gnu11;
				GCC_NO_COMMON_BLOCKS = YES;
				GCC_WARN_64_TO_32_BIT_CONVERSION = YES;
				GCC_WARN_ABOUT_RETURN_TYPE = YES_ERROR;
				GCC_WARN_UNDECLARED_SELECTOR = YES;
				GCC_WARN_UNINITIALIZED_AUTOS = YES_AGGRESSIVE;
				GCC_WARN_UNUSED_FUNCTION = YES;
				GCC_WARN_UNUSED_VARIABLE = YES;
				IPHONEOS_DEPLOYMENT_TARGET = 15.5;
				MTL_ENABLE_DEBUG_INFO = NO;
				MTL_FAST_MATH = YES;
				SDKROOT = iphoneos;
				SWIFT_COMPILATION_MODE = wholemodule;
				SWIFT_OPTIMIZATION_LEVEL = "-O";
				VALIDATE_PRODUCT = YES;
			};
			name = Release;
		};
		2DC6A44528A2612F0025900B /* Debug */ = {
			isa = XCBuildConfiguration;
			buildSettings = {
				ASSETCATALOG_COMPILER_APPICON_NAME = AppIcon;
				ASSETCATALOG_COMPILER_GLOBAL_ACCENT_COLOR_NAME = AccentColor;
				CODE_SIGN_STYLE = Automatic;
				CURRENT_PROJECT_VERSION = 1;
				DEVELOPMENT_TEAM = BQBXWBWH9H;
				GENERATE_INFOPLIST_FILE = YES;
				INFOPLIST_FILE = SegueGecis/Info.plist;
				INFOPLIST_KEY_UIApplicationSupportsIndirectInputEvents = YES;
				INFOPLIST_KEY_UILaunchStoryboardName = LaunchScreen;
				INFOPLIST_KEY_UIMainStoryboardFile = Main;
				INFOPLIST_KEY_UISupportedInterfaceOrientations_iPad = "UIInterfaceOrientationPortrait UIInterfaceOrientationPortraitUpsideDown UIInterfaceOrientationLandscapeLeft UIInterfaceOrientationLandscapeRight";
				INFOPLIST_KEY_UISupportedInterfaceOrientations_iPhone = "UIInterfaceOrientationPortrait UIInterfaceOrientationLandscapeLeft UIInterfaceOrientationLandscapeRight";
				LD_RUNPATH_SEARCH_PATHS = (
					"$(inherited)",
					"@executable_path/Frameworks",
				);
				MARKETING_VERSION = 1.0;
				PRODUCT_BUNDLE_IDENTIFIER = com.eyupemreaygun.SegueGecis;
				PRODUCT_NAME = "$(TARGET_NAME)";
				SWIFT_EMIT_LOC_STRINGS = YES;
				SWIFT_VERSION = 5.0;
				TARGETED_DEVICE_FAMILY = "1,2";
			};
			name = Debug;
		};
		2DC6A44628A2612F0025900B /* Release */ = {
			isa = XCBuildConfiguration;
			buildSettings = {
				ASSETCATALOG_COMPILER_APPICON_NAME = AppIcon;
				ASSETCATALOG_COMPILER_GLOBAL_ACCENT_COLOR_NAME = AccentColor;
				CODE_SIGN_STYLE = Automatic;
				CURRENT_PROJECT_VERSION = 1;
				DEVELOPMENT_TEAM = BQBXWBWH9H;
				GENERATE_INFOPLIST_FILE = YES;
				INFOPLIST_FILE = SegueGecis/Info.plist;
				INFOPLIST_KEY_UIApplicationSupportsIndirectInputEvents = YES;
				INFOPLIST_KEY_UILaunchStoryboardName = LaunchScreen;
				INFOPLIST_KEY_UIMainStoryboardFile = Main;
				INFOPLIST_KEY_UISupportedInterfaceOrientations_iPad = "UIInterfaceOrientationPortrait UIInterfaceOrientationPortraitUpsideDown UIInterfaceOrientationLandscapeLeft UIInterfaceOrientationLandscapeRight";
				INFOPLIST_KEY_UISupportedInterfaceOrientations_iPhone = "UIInterfaceOrientationPortrait UIInterfaceOrientationLandscapeLeft UIInterfaceOrientationLandscapeRight";
				LD_RUNPATH_SEARCH_PATHS = (
					"$(inherited)",
					"@executable_path/Frameworks",
				);
				MARKETING_VERSION = 1.0;
				PRODUCT_BUNDLE_IDENTIFIER = com.eyupemreaygun.SegueGecis;
				PRODUCT_NAME = "$(TARGET_NAME)";
				SWIFT_EMIT_LOC_STRINGS = YES;
				SWIFT_VERSION = 5.0;
				TARGETED_DEVICE_FAMILY = "1,2";
			};
			name = Release;
		};
/* End XCBuildConfiguration section */

/* Begin XCConfigurationList section */
		2DC6A42B28A2612E0025900B /* Build configuration list for PBXProject "SegueGecis" */ = {
			isa = XCConfigurationList;
			buildConfigurations = (
				2DC6A44228A2612F0025900B /* Debug */,
				2DC6A44328A2612F0025900B /* Release */,
			);
			defaultConfigurationIsVisible = 0;
			defaultConfigurationName = Release;
		};
		2DC6A44428A2612F0025900B /* Build configuration list for PBXNativeTarget "SegueGecis" */ = {
			isa = XCConfigurationList;
			buildConfigurations = (
				2DC6A44528A2612F0025900B /* Debug */,
				2DC6A44628A2612F0025900B /* Release */,
			);
			defaultConfigurationIsVisible = 0;
			defaultConfigurationName = Release;
		};
/* End XCConfigurationList section */
	};
	rootObject = 2DC6A42828A2612E0025900B /* Project object */;
}
